
Microsoft Visual Studio Solution File, Format Version 12.00
# Visual Studio Version 16
VisualStudioVersion = 16.0.29123.88
MinimumVisualStudioVersion = 10.0.40219.1
Project("{FAE04EC0-301F-11D3-BF4B-00C04F79EFBC}") = "SdaProductService", "SdaProductService\SdaProductService.csproj", "{638F5D8E-6282-42DD-9D1C-74B714C391BF}"
EndProject
Global
	GlobalSection(SolutionConfigurationPlatforms) = preSolution
		Debug|Any CPU = Debug|Any CPU
		Release|Any CPU = Release|Any CPU
	EndGlobalSection
	GlobalSection(ProjectConfigurationPlatforms) = postSolution
		{638F5D8E-6282-42DD-9D1C-74B714C391BF}.Debug|Any CPU.ActiveCfg = Debug|Any CPU
		{638F5D8E-6282-42DD-9D1C-74B714C391BF}.Debug|Any CPU.Build.0 = Debug|Any CPU
		{638F5D8E-6282-42DD-9D1C-74B714C391BF}.Release|Any CPU.ActiveCfg = Release|Any CPU
		{638F5D8E-6282-42DD-9D1C-74B714C391BF}.Release|Any CPU.Build.0 = Release|Any CPU
	EndGlobalSection
	GlobalSection(SolutionProperties) = preSolution
		HideSolutionNode = FALSE
	EndGlobalSection
	GlobalSection(ExtensibilityGlobals) = postSolution
		SolutionGuid = {575A2C5F-1631-4DFB-A8A3-88655A29D64E}
	EndGlobalSection
EndGlobal
